
Microsoft Visual Studio Solution File, Format Version 12.00
# Visual Studio Version 17
VisualStudioVersion = 17.14.36518.9 d17.14
MinimumVisualStudioVersion = 10.0.40219.1
Project("{FAE04EC0-301F-11D3-BF4B-00C04F79EFBC}") = "Тема 4", "Тема 4\Тема 4.csproj", "{81896C60-6EF8-4CD3-AC84-C2B6DBAB5A6D}"
EndProject
Global
	GlobalSection(SolutionConfigurationPlatforms) = preSolution
		Debug|Any CPU = Debug|Any CPU
		Release|Any CPU = Release|Any CPU
	EndGlobalSection
	GlobalSection(ProjectConfigurationPlatforms) = postSolution
		{81896C60-6EF8-4CD3-AC84-C2B6DBAB5A6D}.Debug|Any CPU.ActiveCfg = Debug|Any CPU
		{81896C60-6EF8-4CD3-AC84-C2B6DBAB5A6D}.Debug|Any CPU.Build.0 = Debug|Any CPU
		{81896C60-6EF8-4CD3-AC84-C2B6DBAB5A6D}.Release|Any CPU.ActiveCfg = Release|Any CPU
		{81896C60-6EF8-4CD3-AC84-C2B6DBAB5A6D}.Release|Any CPU.Build.0 = Release|Any CPU
	EndGlobalSection
	GlobalSection(SolutionProperties) = preSolution
		HideSolutionNode = FALSE
	EndGlobalSection
	GlobalSection(ExtensibilityGlobals) = postSolution
		SolutionGuid = {7AD17653-F722-4733-B31A-69FA229565FC}
	EndGlobalSection
EndGlobal
